
Microsoft Visual Studio Solution File, Format Version 12.00
# Visual Studio Version 17
VisualStudioVersion = 17.4.33205.214
MinimumVisualStudioVersion = 10.0.40219.1
Project("{FAE04EC0-301F-11D3-BF4B-00C04F79EFBC}") = "GroupsApp", "GroupsApp\GroupsApp.csproj", "{6DDCA634-B12E-4C6D-B281-1C7702BFA007}"
EndProject
Global
	GlobalSection(SolutionConfigurationPlatforms) = preSolution
		Debug|Any CPU = Debug|Any CPU
		Release|Any CPU = Release|Any CPU
	EndGlobalSection
	GlobalSection(ProjectConfigurationPlatforms) = postSolution
		{6DDCA634-B12E-4C6D-B281-1C7702BFA007}.Debug|Any CPU.ActiveCfg = Debug|Any CPU
		{6DDCA634-B12E-4C6D-B281-1C7702BFA007}.Debug|Any CPU.Build.0 = Debug|Any CPU
		{6DDCA634-B12E-4C6D-B281-1C7702BFA007}.Release|Any CPU.ActiveCfg = Release|Any CPU
		{6DDCA634-B12E-4C6D-B281-1C7702BFA007}.Release|Any CPU.Build.0 = Release|Any CPU
	EndGlobalSection
	GlobalSection(SolutionProperties) = preSolution
		HideSolutionNode = FALSE
	EndGlobalSection
	GlobalSection(ExtensibilityGlobals) = postSolution
		SolutionGuid = {4F951BD1-490A-489D-8802-E5030FB24F94}
	EndGlobalSection
EndGlobal
